
Microsoft Visual Studio Solution File, Format Version 12.00
# Visual Studio 15
VisualStudioVersion = 15.0.27004.2002
MinimumVisualStudioVersion = 10.0.40219.1
Project("{FAE04EC0-301F-11D3-BF4B-00C04F79EFBC}") = "AirAstanaProject", "AirAstanaProject\AirAstanaProject.csproj", "{680018D5-80C1-492D-9C3B-9BC63F4347A5}"
EndProject
Global
	GlobalSection(SolutionConfigurationPlatforms) = preSolution
		Debug|Any CPU = Debug|Any CPU
		Release|Any CPU = Release|Any CPU
	EndGlobalSection
	GlobalSection(ProjectConfigurationPlatforms) = postSolution
		{680018D5-80C1-492D-9C3B-9BC63F4347A5}.Debug|Any CPU.ActiveCfg = Debug|Any CPU
		{680018D5-80C1-492D-9C3B-9BC63F4347A5}.Debug|Any CPU.Build.0 = Debug|Any CPU
		{680018D5-80C1-492D-9C3B-9BC63F4347A5}.Release|Any CPU.ActiveCfg = Release|Any CPU
		{680018D5-80C1-492D-9C3B-9BC63F4347A5}.Release|Any CPU.Build.0 = Release|Any CPU
	EndGlobalSection
	GlobalSection(SolutionProperties) = preSolution
		HideSolutionNode = FALSE
	EndGlobalSection
	GlobalSection(ExtensibilityGlobals) = postSolution
		SolutionGuid = {303ED203-F4BC-44C7-BD68-51BED625FE6D}
	EndGlobalSection
EndGlobal
